
Microsoft Visual Studio Solution File, Format Version 12.00
# Visual Studio Version 16
VisualStudioVersion = 16.0.31515.178
MinimumVisualStudioVersion = 10.0.40219.1
Project("{9A19103F-16F7-4668-BE54-9A1E7A4F7556}") = "MISA.Core", "MISA.Core\MISA.Core.csproj", "{016E38D6-5C6A-4FA3-9AFF-56799722F070}"
EndProject
Project("{9A19103F-16F7-4668-BE54-9A1E7A4F7556}") = "MISA.Infrastructure", "MISA.Infrastructure\MISA.Infrastructure.csproj", "{2A4C3F1E-AC0C-4DFD-B0FA-F68A4A77BF13}"
EndProject
Project("{9A19103F-16F7-4668-BE54-9A1E7A4F7556}") = "MISA.API", "MISA.API\MISA.API.csproj", "{31693D8A-5A57-4214-A9FB-8F35C7A70A5A}"
EndProject
Global
	GlobalSection(SolutionConfigurationPlatforms) = preSolution
		Debug|Any CPU = Debug|Any CPU
		Release|Any CPU = Release|Any CPU
	EndGlobalSection
	GlobalSection(ProjectConfigurationPlatforms) = postSolution
		{016E38D6-5C6A-4FA3-9AFF-56799722F070}.Debug|Any CPU.ActiveCfg = Debug|Any CPU
		{016E38D6-5C6A-4FA3-9AFF-56799722F070}.Debug|Any CPU.Build.0 = Debug|Any CPU
		{016E38D6-5C6A-4FA3-9AFF-56799722F070}.Release|Any CPU.ActiveCfg = Release|Any CPU
		{016E38D6-5C6A-4FA3-9AFF-56799722F070}.Release|Any CPU.Build.0 = Release|Any CPU
		{2A4C3F1E-AC0C-4DFD-B0FA-F68A4A77BF13}.Debug|Any CPU.ActiveCfg = Debug|Any CPU
		{2A4C3F1E-AC0C-4DFD-B0FA-F68A4A77BF13}.Debug|Any CPU.Build.0 = Debug|Any CPU
		{2A4C3F1E-AC0C-4DFD-B0FA-F68A4A77BF13}.Release|Any CPU.ActiveCfg = Release|Any CPU
		{2A4C3F1E-AC0C-4DFD-B0FA-F68A4A77BF13}.Release|Any CPU.Build.0 = Release|Any CPU
		{31693D8A-5A57-4214-A9FB-8F35C7A70A5A}.Debug|Any CPU.ActiveCfg = Debug|Any CPU
		{31693D8A-5A57-4214-A9FB-8F35C7A70A5A}.Debug|Any CPU.Build.0 = Debug|Any CPU
		{31693D8A-5A57-4214-A9FB-8F35C7A70A5A}.Release|Any CPU.ActiveCfg = Release|Any CPU
		{31693D8A-5A57-4214-A9FB-8F35C7A70A5A}.Release|Any CPU.Build.0 = Release|Any CPU
	EndGlobalSection
	GlobalSection(SolutionProperties) = preSolution
		HideSolutionNode = FALSE
	EndGlobalSection
	GlobalSection(ExtensibilityGlobals) = postSolution
		SolutionGuid = {07D72674-777D-4F5F-B038-7E23B41CD2C3}
	EndGlobalSection
EndGlobal
